
Microsoft Visual Studio Solution File, Format Version 12.00
# Visual Studio Version 17
VisualStudioVersion = 17.11.35327.3
MinimumVisualStudioVersion = 10.0.40219.1
Project("{FAE04EC0-301F-11D3-BF4B-00C04F79EFBC}") = "Projektas", "Projektas\Projektas.csproj", "{B4A6D4A4-88B7-4A04-91BE-73C8917D9936}"
EndProject
Global
	GlobalSection(SolutionConfigurationPlatforms) = preSolution
		Debug|Any CPU = Debug|Any CPU
		Release|Any CPU = Release|Any CPU
	EndGlobalSection
	GlobalSection(ProjectConfigurationPlatforms) = postSolution
		{B4A6D4A4-88B7-4A04-91BE-73C8917D9936}.Debug|Any CPU.ActiveCfg = Debug|Any CPU
		{B4A6D4A4-88B7-4A04-91BE-73C8917D9936}.Debug|Any CPU.Build.0 = Debug|Any CPU
		{B4A6D4A4-88B7-4A04-91BE-73C8917D9936}.Release|Any CPU.ActiveCfg = Release|Any CPU
		{B4A6D4A4-88B7-4A04-91BE-73C8917D9936}.Release|Any CPU.Build.0 = Release|Any CPU
	EndGlobalSection
	GlobalSection(SolutionProperties) = preSolution
		HideSolutionNode = FALSE
	EndGlobalSection
	GlobalSection(ExtensibilityGlobals) = postSolution
		SolutionGuid = {08A53B67-0486-489B-96AA-D67B3A8A1AB3}
	EndGlobalSection
EndGlobal
